
Microsoft Visual Studio Solution File, Format Version 12.00
# Visual Studio Version 17
VisualStudioVersion = 17.9.34701.34
MinimumVisualStudioVersion = 10.0.40219.1
Project("{9A19103F-16F7-4668-BE54-9A1E7A4F7556}") = "DevFreela.API", "DevFreela.API\DevFreela.API.csproj", "{5DC95078-43AE-4D3C-BD68-B240D820AC9F}"
EndProject
Project("{FAE04EC0-301F-11D3-BF4B-00C04F79EFBC}") = "DevFreela.Application", "DevFreela.Application\DevFreela.Application.csproj", "{2A7693B0-F145-4CDE-A1D2-26EBAD0AD8EA}"
EndProject
Project("{FAE04EC0-301F-11D3-BF4B-00C04F79EFBC}") = "DevFreela.Infrastructure", "DevFreela.Infrastructure\DevFreela.Infrastructure.csproj", "{BD843E0C-8A80-47C7-9DAC-5DBA5CF6F8CE}"
EndProject
Project("{FAE04EC0-301F-11D3-BF4B-00C04F79EFBC}") = "DevFreela.Core", "DevFreela.Core\DevFreela.Core.csproj", "{B2053DAF-C9BB-4385-BA9C-B688D65013F4}"
EndProject
Global
	GlobalSection(SolutionConfigurationPlatforms) = preSolution
		Debug|Any CPU = Debug|Any CPU
		Release|Any CPU = Release|Any CPU
	EndGlobalSection
	GlobalSection(ProjectConfigurationPlatforms) = postSolution
		{5DC95078-43AE-4D3C-BD68-B240D820AC9F}.Debug|Any CPU.ActiveCfg = Debug|Any CPU
		{5DC95078-43AE-4D3C-BD68-B240D820AC9F}.Debug|Any CPU.Build.0 = Debug|Any CPU
		{5DC95078-43AE-4D3C-BD68-B240D820AC9F}.Release|Any CPU.ActiveCfg = Release|Any CPU
		{5DC95078-43AE-4D3C-BD68-B240D820AC9F}.Release|Any CPU.Build.0 = Release|Any CPU
		{2A7693B0-F145-4CDE-A1D2-26EBAD0AD8EA}.Debug|Any CPU.ActiveCfg = Debug|Any CPU
		{2A7693B0-F145-4CDE-A1D2-26EBAD0AD8EA}.Debug|Any CPU.Build.0 = Debug|Any CPU
		{2A7693B0-F145-4CDE-A1D2-26EBAD0AD8EA}.Release|Any CPU.ActiveCfg = Release|Any CPU
		{2A7693B0-F145-4CDE-A1D2-26EBAD0AD8EA}.Release|Any CPU.Build.0 = Release|Any CPU
		{BD843E0C-8A80-47C7-9DAC-5DBA5CF6F8CE}.Debug|Any CPU.ActiveCfg = Debug|Any CPU
		{BD843E0C-8A80-47C7-9DAC-5DBA5CF6F8CE}.Debug|Any CPU.Build.0 = Debug|Any CPU
		{BD843E0C-8A80-47C7-9DAC-5DBA5CF6F8CE}.Release|Any CPU.ActiveCfg = Release|Any CPU
		{BD843E0C-8A80-47C7-9DAC-5DBA5CF6F8CE}.Release|Any CPU.Build.0 = Release|Any CPU
		{B2053DAF-C9BB-4385-BA9C-B688D65013F4}.Debug|Any CPU.ActiveCfg = Debug|Any CPU
		{B2053DAF-C9BB-4385-BA9C-B688D65013F4}.Debug|Any CPU.Build.0 = Debug|Any CPU
		{B2053DAF-C9BB-4385-BA9C-B688D65013F4}.Release|Any CPU.ActiveCfg = Release|Any CPU
		{B2053DAF-C9BB-4385-BA9C-B688D65013F4}.Release|Any CPU.Build.0 = Release|Any CPU
	EndGlobalSection
	GlobalSection(SolutionProperties) = preSolution
		HideSolutionNode = FALSE
	EndGlobalSection
	GlobalSection(ExtensibilityGlobals) = postSolution
		SolutionGuid = {7DD071A5-6C1A-4EF1-86B5-5AC23D88FA63}
	EndGlobalSection
EndGlobal
